
Microsoft Visual Studio Solution File, Format Version 12.00
# Visual Studio 14
VisualStudioVersion = 14.0.25420.1
MinimumVisualStudioVersion = 10.0.40219.1
Project("{FAE04EC0-301F-11D3-BF4B-00C04F79EFBC}") = "VisionProcessForm", "VisionProcessForm\VisionProcessForm.csproj", "{CE56A5A4-8C4D-4F30-B0AE-E7C3E52952BD}"
EndProject
Project("{8BC9CEB8-8B4A-11D0-8D11-00A0C91BC942}") = "SRMRtx", "SRMRtx\SRMRtx.vcxproj", "{35090A74-B503-4C9B-ADE2-54A53FE6F4DA}"
EndProject
Project("{FAE04EC0-301F-11D3-BF4B-00C04F79EFBC}") = "AutoMode", "AutoMode\AutoMode.csproj", "{AE34954E-A282-4483-A7AC-F16A7B6CB59B}"
EndProject
Project("{FAE04EC0-301F-11D3-BF4B-00C04F79EFBC}") = "Common", "Common\Common.csproj", "{F769DAC6-B921-48C4-830F-4272A837384A}"
EndProject
Project("{FAE04EC0-301F-11D3-BF4B-00C04F79EFBC}") = "History", "History\History.csproj", "{48DB7BC5-425C-40B7-AA74-0A8C87E6ABA9}"
EndProject
Project("{FAE04EC0-301F-11D3-BF4B-00C04F79EFBC}") = "ImageAcquisition", "ImageAcquisition\ImageAcquisition.csproj", "{752CB5EB-B0E0-4672-80D2-1555DABF053A}"
EndProject
Project("{FAE04EC0-301F-11D3-BF4B-00C04F79EFBC}") = "IOMode", "IOMode\IOMode.csproj", "{15920C2E-E431-4280-BD15-2E9C731DCBA4}"
EndProject
Project("{FAE04EC0-301F-11D3-BF4B-00C04F79EFBC}") = "Lighting", "Lighting\Lighting.csproj", "{1965C872-300A-4464-ADBD-B252238FA826}"
EndProject
Project("{FAE04EC0-301F-11D3-BF4B-00C04F79EFBC}") = "SharedMemory", "SharedMemory\SharedMemory.csproj", "{D9D4F292-BD2C-45EC-8946-61264B971FC0}"
EndProject
Project("{FAE04EC0-301F-11D3-BF4B-00C04F79EFBC}") = "Machine Vision", "SRMVision\Machine Vision.csproj", "{4E9BFC89-0324-47D2-9847-37918EC547E2}"
EndProject
Project("{FAE04EC0-301F-11D3-BF4B-00C04F79EFBC}") = "User", "User\User.csproj", "{FA133C3E-3B7C-4DED-997B-5D9B56E8C767}"
EndProject
Project("{FAE04EC0-301F-11D3-BF4B-00C04F79EFBC}") = "VisionModule", "VisionModule\VisionModule.csproj", "{74D942FD-62F1-443A-9CC8-2A91D66D18CB}"
EndProject
Project("{FAE04EC0-301F-11D3-BF4B-00C04F79EFBC}") = "VisionProcessing", "VisionProcessing\VisionProcessing.csproj", "{537E3E35-3C93-4247-B340-7AF1AB7E89E3}"
EndProject
Global
	GlobalSection(SolutionConfigurationPlatforms) = preSolution
		Debug_2_12|Any CPU = Debug_2_12|Any CPU
		Debug_2_12|Mixed Platforms = Debug_2_12|Mixed Platforms
		Debug_2_12|Win32 = Debug_2_12|Win32
		Debug|Any CPU = Debug|Any CPU
		Debug|Mixed Platforms = Debug|Mixed Platforms
		Debug|Win32 = Debug|Win32
		Labtop|Any CPU = Labtop|Any CPU
		Labtop|Mixed Platforms = Labtop|Mixed Platforms
		Labtop|Win32 = Labtop|Win32
		Release_2_12|Any CPU = Release_2_12|Any CPU
		Release_2_12|Mixed Platforms = Release_2_12|Mixed Platforms
		Release_2_12|Win32 = Release_2_12|Win32
		Release|Any CPU = Release|Any CPU
		Release|Mixed Platforms = Release|Mixed Platforms
		Release|Win32 = Release|Win32
		RTXDebug|Any CPU = RTXDebug|Any CPU
		RTXDebug|Mixed Platforms = RTXDebug|Mixed Platforms
		RTXDebug|Win32 = RTXDebug|Win32
		RTXRelease|Any CPU = RTXRelease|Any CPU
		RTXRelease|Mixed Platforms = RTXRelease|Mixed Platforms
		RTXRelease|Win32 = RTXRelease|Win32
	EndGlobalSection
	GlobalSection(ProjectConfigurationPlatforms) = postSolution
		{CE56A5A4-8C4D-4F30-B0AE-E7C3E52952BD}.Debug_2_12|Any CPU.ActiveCfg = Debug_2_12|Any CPU
		{CE56A5A4-8C4D-4F30-B0AE-E7C3E52952BD}.Debug_2_12|Any CPU.Build.0 = Debug_2_12|Any CPU
		{CE56A5A4-8C4D-4F30-B0AE-E7C3E52952BD}.Debug_2_12|Mixed Platforms.ActiveCfg = Debug_2_12|Any CPU
		{CE56A5A4-8C4D-4F30-B0AE-E7C3E52952BD}.Debug_2_12|Mixed Platforms.Build.0 = Debug_2_12|Any CPU
		{CE56A5A4-8C4D-4F30-B0AE-E7C3E52952BD}.Debug_2_12|Win32.ActiveCfg = Debug_2_12|Any CPU
		{CE56A5A4-8C4D-4F30-B0AE-E7C3E52952BD}.Debug_2_12|Win32.Build.0 = Debug_2_12|Any CPU
		{CE56A5A4-8C4D-4F30-B0AE-E7C3E52952BD}.Debug|Any CPU.ActiveCfg = Debug|Any CPU
		{CE56A5A4-8C4D-4F30-B0AE-E7C3E52952BD}.Debug|Any CPU.Build.0 = Debug|Any CPU
		{CE56A5A4-8C4D-4F30-B0AE-E7C3E52952BD}.Debug|Mixed Platforms.ActiveCfg = Debug|Any CPU
		{CE56A5A4-8C4D-4F30-B0AE-E7C3E52952BD}.Debug|Mixed Platforms.Build.0 = Debug|Any CPU
		{CE56A5A4-8C4D-4F30-B0AE-E7C3E52952BD}.Debug|Win32.ActiveCfg = Debug|Any CPU
		{CE56A5A4-8C4D-4F30-B0AE-E7C3E52952BD}.Labtop|Any CPU.ActiveCfg = Labtop|Any CPU
		{CE56A5A4-8C4D-4F30-B0AE-E7C3E52952BD}.Labtop|Any CPU.Build.0 = Labtop|Any CPU
		{CE56A5A4-8C4D-4F30-B0AE-E7C3E52952BD}.Labtop|Mixed Platforms.ActiveCfg = Labtop|Any CPU
		{CE56A5A4-8C4D-4F30-B0AE-E7C3E52952BD}.Labtop|Mixed Platforms.Build.0 = Labtop|Any CPU
		{CE56A5A4-8C4D-4F30-B0AE-E7C3E52952BD}.Labtop|Win32.ActiveCfg = Labtop|Any CPU
		{CE56A5A4-8C4D-4F30-B0AE-E7C3E52952BD}.Release_2_12|Any CPU.ActiveCfg = Release_2_12|Any CPU
		{CE56A5A4-8C4D-4F30-B0AE-E7C3E52952BD}.Release_2_12|Any CPU.Build.0 = Release_2_12|Any CPU
		{CE56A5A4-8C4D-4F30-B0AE-E7C3E52952BD}.Release_2_12|Mixed Platforms.ActiveCfg = Release_2_12|Any CPU
		{CE56A5A4-8C4D-4F30-B0AE-E7C3E52952BD}.Release_2_12|Mixed Platforms.Build.0 = Release_2_12|Any CPU
		{CE56A5A4-8C4D-4F30-B0AE-E7C3E52952BD}.Release_2_12|Win32.ActiveCfg = Release_2_12|Any CPU
		{CE56A5A4-8C4D-4F30-B0AE-E7C3E52952BD}.Release_2_12|Win32.Build.0 = Release_2_12|Any CPU
		{CE56A5A4-8C4D-4F30-B0AE-E7C3E52952BD}.Release|Any CPU.ActiveCfg = Release|Any CPU
		{CE56A5A4-8C4D-4F30-B0AE-E7C3E52952BD}.Release|Any CPU.Build.0 = Release|Any CPU
		{CE56A5A4-8C4D-4F30-B0AE-E7C3E52952BD}.Release|Mixed Platforms.ActiveCfg = Release|Any CPU
		{CE56A5A4-8C4D-4F30-B0AE-E7C3E52952BD}.Release|Mixed Platforms.Build.0 = Release|Any CPU
		{CE56A5A4-8C4D-4F30-B0AE-E7C3E52952BD}.Release|Win32.ActiveCfg = Release|Any CPU
		{CE56A5A4-8C4D-4F30-B0AE-E7C3E52952BD}.RTXDebug|Any CPU.ActiveCfg = RTXDebug|Any CPU
		{CE56A5A4-8C4D-4F30-B0AE-E7C3E52952BD}.RTXDebug|Any CPU.Build.0 = RTXDebug|Any CPU
		{CE56A5A4-8C4D-4F30-B0AE-E7C3E52952BD}.RTXDebug|Mixed Platforms.ActiveCfg = RTXDebug|Any CPU
		{CE56A5A4-8C4D-4F30-B0AE-E7C3E52952BD}.RTXDebug|Mixed Platforms.Build.0 = RTXDebug|Any CPU
		{CE56A5A4-8C4D-4F30-B0AE-E7C3E52952BD}.RTXDebug|Win32.ActiveCfg = RTXDebug|Any CPU
		{CE56A5A4-8C4D-4F30-B0AE-E7C3E52952BD}.RTXRelease|Any CPU.ActiveCfg = RTXRelease|Any CPU
		{CE56A5A4-8C4D-4F30-B0AE-E7C3E52952BD}.RTXRelease|Any CPU.Build.0 = RTXRelease|Any CPU
		{CE56A5A4-8C4D-4F30-B0AE-E7C3E52952BD}.RTXRelease|Mixed Platforms.ActiveCfg = RTXRelease|Any CPU
		{CE56A5A4-8C4D-4F30-B0AE-E7C3E52952BD}.RTXRelease|Mixed Platforms.Build.0 = RTXRelease|Any CPU
		{CE56A5A4-8C4D-4F30-B0AE-E7C3E52952BD}.RTXRelease|Win32.ActiveCfg = RTXRelease|Any CPU
		{35090A74-B503-4C9B-ADE2-54A53FE6F4DA}.Debug_2_12|Any CPU.ActiveCfg = Debug_2_12|Win32
		{35090A74-B503-4C9B-ADE2-54A53FE6F4DA}.Debug_2_12|Mixed Platforms.ActiveCfg = Debug_2_12|Win32
		{35090A74-B503-4C9B-ADE2-54A53FE6F4DA}.Debug_2_12|Win32.ActiveCfg = Debug_2_12|Win32
		{35090A74-B503-4C9B-ADE2-54A53FE6F4DA}.Debug|Any CPU.ActiveCfg = RTXDebug|Win32
		{35090A74-B503-4C9B-ADE2-54A53FE6F4DA}.Debug|Mixed Platforms.ActiveCfg = Debug|Win32
		{35090A74-B503-4C9B-ADE2-54A53FE6F4DA}.Debug|Win32.ActiveCfg = Debug|Win32
		{35090A74-B503-4C9B-ADE2-54A53FE6F4DA}.Debug|Win32.Build.0 = Debug|Win32
		{35090A74-B503-4C9B-ADE2-54A53FE6F4DA}.Labtop|Any CPU.ActiveCfg = RTXRelease|Win32
		{35090A74-B503-4C9B-ADE2-54A53FE6F4DA}.Labtop|Mixed Platforms.ActiveCfg = RTXRelease|Win32
		{35090A74-B503-4C9B-ADE2-54A53FE6F4DA}.Labtop|Mixed Platforms.Build.0 = RTXRelease|Win32
		{35090A74-B503-4C9B-ADE2-54A53FE6F4DA}.Labtop|Win32.ActiveCfg = RTXRelease|Win32
		{35090A74-B503-4C9B-ADE2-54A53FE6F4DA}.Labtop|Win32.Build.0 = RTXRelease|Win32
		{35090A74-B503-4C9B-ADE2-54A53FE6F4DA}.Release_2_12|Any CPU.ActiveCfg = Release_2_12|Win32
		{35090A74-B503-4C9B-ADE2-54A53FE6F4DA}.Release_2_12|Mixed Platforms.ActiveCfg = Release_2_12|Win32
		{35090A74-B503-4C9B-ADE2-54A53FE6F4DA}.Release_2_12|Win32.ActiveCfg = Release_2_12|Win32
		{35090A74-B503-4C9B-ADE2-54A53FE6F4DA}.Release|Any CPU.ActiveCfg = RTXRelease|Win32
		{35090A74-B503-4C9B-ADE2-54A53FE6F4DA}.Release|Mixed Platforms.ActiveCfg = Release|Win32
		{35090A74-B503-4C9B-ADE2-54A53FE6F4DA}.Release|Win32.ActiveCfg = Release|Win32
		{35090A74-B503-4C9B-ADE2-54A53FE6F4DA}.Release|Win32.Build.0 = Release|Win32
		{35090A74-B503-4C9B-ADE2-54A53FE6F4DA}.RTXDebug|Any CPU.ActiveCfg = RTXDebug|Win32
		{35090A74-B503-4C9B-ADE2-54A53FE6F4DA}.RTXDebug|Any CPU.Build.0 = RTXDebug|Win32
		{35090A74-B503-4C9B-ADE2-54A53FE6F4DA}.RTXDebug|Mixed Platforms.ActiveCfg = RTXDebug|Win32
		{35090A74-B503-4C9B-ADE2-54A53FE6F4DA}.RTXDebug|Mixed Platforms.Build.0 = RTXDebug|Win32
		{35090A74-B503-4C9B-ADE2-54A53FE6F4DA}.RTXDebug|Win32.ActiveCfg = RTXDebug|Win32
		{35090A74-B503-4C9B-ADE2-54A53FE6F4DA}.RTXRelease|Any CPU.ActiveCfg = RTXRelease|Win32
		{35090A74-B503-4C9B-ADE2-54A53FE6F4DA}.RTXRelease|Any CPU.Build.0 = RTXRelease|Win32
		{35090A74-B503-4C9B-ADE2-54A53FE6F4DA}.RTXRelease|Mixed Platforms.ActiveCfg = RTXRelease|Win32
		{35090A74-B503-4C9B-ADE2-54A53FE6F4DA}.RTXRelease|Mixed Platforms.Build.0 = RTXRelease|Win32
		{35090A74-B503-4C9B-ADE2-54A53FE6F4DA}.RTXRelease|Win32.ActiveCfg = RTXRelease|Win32
		{AE34954E-A282-4483-A7AC-F16A7B6CB59B}.Debug_2_12|Any CPU.ActiveCfg = Debug_2_12|Any CPU
		{AE34954E-A282-4483-A7AC-F16A7B6CB59B}.Debug_2_12|Any CPU.Build.0 = Debug_2_12|Any CPU
		{AE34954E-A282-4483-A7AC-F16A7B6CB59B}.Debug_2_12|Mixed Platforms.ActiveCfg = Debug_2_12|Any CPU
		{AE34954E-A282-4483-A7AC-F16A7B6CB59B}.Debug_2_12|Mixed Platforms.Build.0 = Debug_2_12|Any CPU
		{AE34954E-A282-4483-A7AC-F16A7B6CB59B}.Debug_2_12|Win32.ActiveCfg = Debug_2_12|Any CPU
		{AE34954E-A282-4483-A7AC-F16A7B6CB59B}.Debug_2_12|Win32.Build.0 = Debug_2_12|Any CPU
		{AE34954E-A282-4483-A7AC-F16A7B6CB59B}.Debug|Any CPU.ActiveCfg = Debug|Any CPU
		{AE34954E-A282-4483-A7AC-F16A7B6CB59B}.Debug|Any CPU.Build.0 = Debug|Any CPU
		{AE34954E-A282-4483-A7AC-F16A7B6CB59B}.Debug|Mixed Platforms.ActiveCfg = Debug|Any CPU
		{AE34954E-A282-4483-A7AC-F16A7B6CB59B}.Debug|Mixed Platforms.Build.0 = Debug|Any CPU
		{AE34954E-A282-4483-A7AC-F16A7B6CB59B}.Debug|Win32.ActiveCfg = Debug|Any CPU
		{AE34954E-A282-4483-A7AC-F16A7B6CB59B}.Labtop|Any CPU.ActiveCfg = Labtop|Any CPU
		{AE34954E-A282-4483-A7AC-F16A7B6CB59B}.Labtop|Any CPU.Build.0 = Labtop|Any CPU
		{AE34954E-A282-4483-A7AC-F16A7B6CB59B}.Labtop|Mixed Platforms.ActiveCfg = Labtop|Any CPU
		{AE34954E-A282-4483-A7AC-F16A7B6CB59B}.Labtop|Mixed Platforms.Build.0 = Labtop|Any CPU
		{AE34954E-A282-4483-A7AC-F16A7B6CB59B}.Labtop|Win32.ActiveCfg = Labtop|Any CPU
		{AE34954E-A282-4483-A7AC-F16A7B6CB59B}.Release_2_12|Any CPU.ActiveCfg = Release_2_12|Any CPU
		{AE34954E-A282-4483-A7AC-F16A7B6CB59B}.Release_2_12|Any CPU.Build.0 = Release_2_12|Any CPU
		{AE34954E-A282-4483-A7AC-F16A7B6CB59B}.Release_2_12|Mixed Platforms.ActiveCfg = Release_2_12|Any CPU
		{AE34954E-A282-4483-A7AC-F16A7B6CB59B}.Release_2_12|Mixed Platforms.Build.0 = Release_2_12|Any CPU
		{AE34954E-A282-4483-A7AC-F16A7B6CB59B}.Release_2_12|Win32.ActiveCfg = Release_2_12|Any CPU
		{AE34954E-A282-4483-A7AC-F16A7B6CB59B}.Release_2_12|Win32.Build.0 = Release_2_12|Any CPU
		{AE34954E-A282-4483-A7AC-F16A7B6CB59B}.Release|Any CPU.ActiveCfg = Release|Any CPU
		{AE34954E-A282-4483-A7AC-F16A7B6CB59B}.Release|Any CPU.Build.0 = Release|Any CPU
		{AE34954E-A282-4483-A7AC-F16A7B6CB59B}.Release|Mixed Platforms.ActiveCfg = Release|Any CPU
		{AE34954E-A282-4483-A7AC-F16A7B6CB59B}.Release|Mixed Platforms.Build.0 = Release|Any CPU
		{AE34954E-A282-4483-A7AC-F16A7B6CB59B}.Release|Win32.ActiveCfg = Release|Any CPU
		{AE34954E-A282-4483-A7AC-F16A7B6CB59B}.RTXDebug|Any CPU.ActiveCfg = RTXDebug|Any CPU
		{AE34954E-A282-4483-A7AC-F16A7B6CB59B}.RTXDebug|Any CPU.Build.0 = RTXDebug|Any CPU
		{AE34954E-A282-4483-A7AC-F16A7B6CB59B}.RTXDebug|Mixed Platforms.ActiveCfg = RTXDebug|Any CPU
		{AE34954E-A282-4483-A7AC-F16A7B6CB59B}.RTXDebug|Mixed Platforms.Build.0 = RTXDebug|Any CPU
		{AE34954E-A282-4483-A7AC-F16A7B6CB59B}.RTXDebug|Win32.ActiveCfg = RTXDebug|Any CPU
		{AE34954E-A282-4483-A7AC-F16A7B6CB59B}.RTXRelease|Any CPU.ActiveCfg = RTXRelease|Any CPU
		{AE34954E-A282-4483-A7AC-F16A7B6CB59B}.RTXRelease|Any CPU.Build.0 = RTXRelease|Any CPU
		{AE34954E-A282-4483-A7AC-F16A7B6CB59B}.RTXRelease|Mixed Platforms.ActiveCfg = RTXRelease|Any CPU
		{AE34954E-A282-4483-A7AC-F16A7B6CB59B}.RTXRelease|Mixed Platforms.Build.0 = RTXRelease|Any CPU
		{AE34954E-A282-4483-A7AC-F16A7B6CB59B}.RTXRelease|Win32.ActiveCfg = RTXRelease|Any CPU
		{F769DAC6-B921-48C4-830F-4272A837384A}.Debug_2_12|Any CPU.ActiveCfg = Debug_2_12|Any CPU
		{F769DAC6-B921-48C4-830F-4272A837384A}.Debug_2_12|Any CPU.Build.0 = Debug_2_12|Any CPU
		{F769DAC6-B921-48C4-830F-4272A837384A}.Debug_2_12|Mixed Platforms.ActiveCfg = Debug_2_12|Any CPU
		{F769DAC6-B921-48C4-830F-4272A837384A}.Debug_2_12|Mixed Platforms.Build.0 = Debug_2_12|Any CPU
		{F769DAC6-B921-48C4-830F-4272A837384A}.Debug_2_12|Win32.ActiveCfg = Debug_2_12|Any CPU
		{F769DAC6-B921-48C4-830F-4272A837384A}.Debug_2_12|Win32.Build.0 = Debug_2_12|Any CPU
		{F769DAC6-B921-48C4-830F-4272A837384A}.Debug|Any CPU.ActiveCfg = Debug|Any CPU
		{F769DAC6-B921-48C4-830F-4272A837384A}.Debug|Any CPU.Build.0 = Debug|Any CPU
		{F769DAC6-B921-48C4-830F-4272A837384A}.Debug|Mixed Platforms.ActiveCfg = Debug|Any CPU
		{F769DAC6-B921-48C4-830F-4272A837384A}.Debug|Mixed Platforms.Build.0 = Debug|Any CPU
		{F769DAC6-B921-48C4-830F-4272A837384A}.Debug|Win32.ActiveCfg = Debug|Any CPU
		{F769DAC6-B921-48C4-830F-4272A837384A}.Labtop|Any CPU.ActiveCfg = Labtop|Any CPU
		{F769DAC6-B921-48C4-830F-4272A837384A}.Labtop|Any CPU.Build.0 = Labtop|Any CPU
		{F769DAC6-B921-48C4-830F-4272A837384A}.Labtop|Mixed Platforms.ActiveCfg = Labtop|Any CPU
		{F769DAC6-B921-48C4-830F-4272A837384A}.Labtop|Mixed Platforms.Build.0 = Labtop|Any CPU
		{F769DAC6-B921-48C4-830F-4272A837384A}.Labtop|Win32.ActiveCfg = Labtop|Any CPU
		{F769DAC6-B921-48C4-830F-4272A837384A}.Release_2_12|Any CPU.ActiveCfg = Release_2_12|Any CPU
		{F769DAC6-B921-48C4-830F-4272A837384A}.Release_2_12|Any CPU.Build.0 = Release_2_12|Any CPU
		{F769DAC6-B921-48C4-830F-4272A837384A}.Release_2_12|Mixed Platforms.ActiveCfg = Release_2_12|Any CPU
		{F769DAC6-B921-48C4-830F-4272A837384A}.Release_2_12|Mixed Platforms.Build.0 = Release_2_12|Any CPU
		{F769DAC6-B921-48C4-830F-4272A837384A}.Release_2_12|Win32.ActiveCfg = Release_2_12|Any CPU
		{F769DAC6-B921-48C4-830F-4272A837384A}.Release_2_12|Win32.Build.0 = Release_2_12|Any CPU
		{F769DAC6-B921-48C4-830F-4272A837384A}.Release|Any CPU.ActiveCfg = Release|Any CPU
		{F769DAC6-B921-48C4-830F-4272A837384A}.Release|Any CPU.Build.0 = Release|Any CPU
		{F769DAC6-B921-48C4-830F-4272A837384A}.Release|Mixed Platforms.ActiveCfg = Release|Any CPU
		{F769DAC6-B921-48C4-830F-4272A837384A}.Release|Mixed Platforms.Build.0 = Release|Any CPU
		{F769DAC6-B921-48C4-830F-4272A837384A}.Release|Win32.ActiveCfg = Release|Any CPU
		{F769DAC6-B921-48C4-830F-4272A837384A}.RTXDebug|Any CPU.ActiveCfg = RTXDebug|Any CPU
		{F769DAC6-B921-48C4-830F-4272A837384A}.RTXDebug|Any CPU.Build.0 = RTXDebug|Any CPU
		{F769DAC6-B921-48C4-830F-4272A837384A}.RTXDebug|Mixed Platforms.ActiveCfg = RTXDebug|Any CPU
		{F769DAC6-B921-48C4-830F-4272A837384A}.RTXDebug|Mixed Platforms.Build.0 = RTXDebug|Any CPU
		{F769DAC6-B921-48C4-830F-4272A837384A}.RTXDebug|Win32.ActiveCfg = RTXDebug|Any CPU
		{F769DAC6-B921-48C4-830F-4272A837384A}.RTXRelease|Any CPU.ActiveCfg = RTXRelease|Any CPU
		{F769DAC6-B921-48C4-830F-4272A837384A}.RTXRelease|Any CPU.Build.0 = RTXRelease|Any CPU
		{F769DAC6-B921-48C4-830F-4272A837384A}.RTXRelease|Mixed Platforms.ActiveCfg = RTXRelease|Any CPU
		{F769DAC6-B921-48C4-830F-4272A837384A}.RTXRelease|Mixed Platforms.Build.0 = RTXRelease|Any CPU
		{F769DAC6-B921-48C4-830F-4272A837384A}.RTXRelease|Win32.ActiveCfg = RTXRelease|Any CPU
		{48DB7BC5-425C-40B7-AA74-0A8C87E6ABA9}.Debug_2_12|Any CPU.ActiveCfg = Debug_2_12|Any CPU
		{48DB7BC5-425C-40B7-AA74-0A8C87E6ABA9}.Debug_2_12|Any CPU.Build.0 = Debug_2_12|Any CPU
		{48DB7BC5-425C-40B7-AA74-0A8C87E6ABA9}.Debug_2_12|Mixed Platforms.ActiveCfg = Debug_2_12|Any CPU
		{48DB7BC5-425C-40B7-AA74-0A8C87E6ABA9}.Debug_2_12|Mixed Platforms.Build.0 = Debug_2_12|Any CPU
		{48DB7BC5-425C-40B7-AA74-0A8C87E6ABA9}.Debug_2_12|Win32.ActiveCfg = Debug_2_12|Any CPU
		{48DB7BC5-425C-40B7-AA74-0A8C87E6ABA9}.Debug_2_12|Win32.Build.0 = Debug_2_12|Any CPU
		{48DB7BC5-425C-40B7-AA74-0A8C87E6ABA9}.Debug|Any CPU.ActiveCfg = Debug|Any CPU
		{48DB7BC5-425C-40B7-AA74-0A8C87E6ABA9}.Debug|Any CPU.Build.0 = Debug|Any CPU
		{48DB7BC5-425C-40B7-AA74-0A8C87E6ABA9}.Debug|Mixed Platforms.ActiveCfg = Debug|Any CPU
		{48DB7BC5-425C-40B7-AA74-0A8C87E6ABA9}.Debug|Mixed Platforms.Build.0 = Debug|Any CPU
		{48DB7BC5-425C-40B7-AA74-0A8C87E6ABA9}.Debug|Win32.ActiveCfg = Debug|Any CPU
		{48DB7BC5-425C-40B7-AA74-0A8C87E6ABA9}.Labtop|Any CPU.ActiveCfg = Labtop|Any CPU
		{48DB7BC5-425C-40B7-AA74-0A8C87E6ABA9}.Labtop|Any CPU.Build.0 = Labtop|Any CPU
		{48DB7BC5-425C-40B7-AA74-0A8C87E6ABA9}.Labtop|Mixed Platforms.ActiveCfg = Labtop|Any CPU
		{48DB7BC5-425C-40B7-AA74-0A8C87E6ABA9}.Labtop|Mixed Platforms.Build.0 = Labtop|Any CPU
		{48DB7BC5-425C-40B7-AA74-0A8C87E6ABA9}.Labtop|Win32.ActiveCfg = Labtop|Any CPU
		{48DB7BC5-425C-40B7-AA74-0A8C87E6ABA9}.Release_2_12|Any CPU.ActiveCfg = Release_2_12|Any CPU
		{48DB7BC5-425C-40B7-AA74-0A8C87E6ABA9}.Release_2_12|Any CPU.Build.0 = Release_2_12|Any CPU
		{48DB7BC5-425C-40B7-AA74-0A8C87E6ABA9}.Release_2_12|Mixed Platforms.ActiveCfg = Release_2_12|Any CPU
		{48DB7BC5-425C-40B7-AA74-0A8C87E6ABA9}.Release_2_12|Mixed Platforms.Build.0 = Release_2_12|Any CPU
		{48DB7BC5-425C-40B7-AA74-0A8C87E6ABA9}.Release_2_12|Win32.ActiveCfg = Release_2_12|Any CPU
		{48DB7BC5-425C-40B7-AA74-0A8C87E6ABA9}.Release_2_12|Win32.Build.0 = Release_2_12|Any CPU
		{48DB7BC5-425C-40B7-AA74-0A8C87E6ABA9}.Release|Any CPU.ActiveCfg = Release|Any CPU
		{48DB7BC5-425C-40B7-AA74-0A8C87E6ABA9}.Release|Any CPU.Build.0 = Release|Any CPU
		{48DB7BC5-425C-40B7-AA74-0A8C87E6ABA9}.Release|Mixed Platforms.ActiveCfg = Release|Any CPU
		{48DB7BC5-425C-40B7-AA74-0A8C87E6ABA9}.Release|Mixed Platforms.Build.0 = Release|Any CPU
		{48DB7BC5-425C-40B7-AA74-0A8C87E6ABA9}.Release|Win32.ActiveCfg = Release|Any CPU
		{48DB7BC5-425C-40B7-AA74-0A8C87E6ABA9}.RTXDebug|Any CPU.ActiveCfg = RTXDebug|Any CPU
		{48DB7BC5-425C-40B7-AA74-0A8C87E6ABA9}.RTXDebug|Any CPU.Build.0 = RTXDebug|Any CPU
		{48DB7BC5-425C-40B7-AA74-0A8C87E6ABA9}.RTXDebug|Mixed Platforms.ActiveCfg = RTXDebug|Any CPU
		{48DB7BC5-425C-40B7-AA74-0A8C87E6ABA9}.RTXDebug|Mixed Platforms.Build.0 = RTXDebug|Any CPU
		{48DB7BC5-425C-40B7-AA74-0A8C87E6ABA9}.RTXDebug|Win32.ActiveCfg = RTXDebug|Any CPU
		{48DB7BC5-425C-40B7-AA74-0A8C87E6ABA9}.RTXRelease|Any CPU.ActiveCfg = RTXRelease|Any CPU
		{48DB7BC5-425C-40B7-AA74-0A8C87E6ABA9}.RTXRelease|Any CPU.Build.0 = RTXRelease|Any CPU
		{48DB7BC5-425C-40B7-AA74-0A8C87E6ABA9}.RTXRelease|Mixed Platforms.ActiveCfg = RTXRelease|Any CPU
		{48DB7BC5-425C-40B7-AA74-0A8C87E6ABA9}.RTXRelease|Mixed Platforms.Build.0 = RTXRelease|Any CPU
		{48DB7BC5-425C-40B7-AA74-0A8C87E6ABA9}.RTXRelease|Win32.ActiveCfg = RTXRelease|Any CPU
		{752CB5EB-B0E0-4672-80D2-1555DABF053A}.Debug_2_12|Any CPU.ActiveCfg = Debug_2_12|Any CPU
		{752CB5EB-B0E0-4672-80D2-1555DABF053A}.Debug_2_12|Any CPU.Build.0 = Debug_2_12|Any CPU
		{752CB5EB-B0E0-4672-80D2-1555DABF053A}.Debug_2_12|Mixed Platforms.ActiveCfg = Debug_2_12|Any CPU
		{752CB5EB-B0E0-4672-80D2-1555DABF053A}.Debug_2_12|Mixed Platforms.Build.0 = Debug_2_12|Any CPU
		{752CB5EB-B0E0-4672-80D2-1555DABF053A}.Debug_2_12|Win32.ActiveCfg = Debug_2_12|Any CPU
		{752CB5EB-B0E0-4672-80D2-1555DABF053A}.Debug_2_12|Win32.Build.0 = Debug_2_12|Any CPU
		{752CB5EB-B0E0-4672-80D2-1555DABF053A}.Debug|Any CPU.ActiveCfg = Debug|Any CPU
		{752CB5EB-B0E0-4672-80D2-1555DABF053A}.Debug|Any CPU.Build.0 = Debug|Any CPU
		{752CB5EB-B0E0-4672-80D2-1555DABF053A}.Debug|Mixed Platforms.ActiveCfg = Debug|Any CPU
		{752CB5EB-B0E0-4672-80D2-1555DABF053A}.Debug|Mixed Platforms.Build.0 = Debug|Any CPU
		{752CB5EB-B0E0-4672-80D2-1555DABF053A}.Debug|Win32.ActiveCfg = Debug|Any CPU
		{752CB5EB-B0E0-4672-80D2-1555DABF053A}.Labtop|Any CPU.ActiveCfg = Labtop|Any CPU
		{752CB5EB-B0E0-4672-80D2-1555DABF053A}.Labtop|Any CPU.Build.0 = Labtop|Any CPU
		{752CB5EB-B0E0-4672-80D2-1555DABF053A}.Labtop|Mixed Platforms.ActiveCfg = Labtop|Any CPU
		{752CB5EB-B0E0-4672-80D2-1555DABF053A}.Labtop|Mixed Platforms.Build.0 = Labtop|Any CPU
		{752CB5EB-B0E0-4672-80D2-1555DABF053A}.Labtop|Win32.ActiveCfg = Labtop|Any CPU
		{752CB5EB-B0E0-4672-80D2-1555DABF053A}.Release_2_12|Any CPU.ActiveCfg = Release_2_12|Any CPU
		{752CB5EB-B0E0-4672-80D2-1555DABF053A}.Release_2_12|Any CPU.Build.0 = Release_2_12|Any CPU
		{752CB5EB-B0E0-4672-80D2-1555DABF053A}.Release_2_12|Mixed Platforms.ActiveCfg = Release_2_12|Any CPU
		{752CB5EB-B0E0-4672-80D2-1555DABF053A}.Release_2_12|Mixed Platforms.Build.0 = Release_2_12|Any CPU
		{752CB5EB-B0E0-4672-80D2-1555DABF053A}.Release_2_12|Win32.ActiveCfg = Release_2_12|Any CPU
		{752CB5EB-B0E0-4672-80D2-1555DABF053A}.Release_2_12|Win32.Build.0 = Release_2_12|Any CPU
		{752CB5EB-B0E0-4672-80D2-1555DABF053A}.Release|Any CPU.ActiveCfg = Release|Any CPU
		{752CB5EB-B0E0-4672-80D2-1555DABF053A}.Release|Any CPU.Build.0 = Release|Any CPU
		{752CB5EB-B0E0-4672-80D2-1555DABF053A}.Release|Mixed Platforms.ActiveCfg = Release|Any CPU
		{752CB5EB-B0E0-4672-80D2-1555DABF053A}.Release|Mixed Platforms.Build.0 = Release|Any CPU
		{752CB5EB-B0E0-4672-80D2-1555DABF053A}.Release|Win32.ActiveCfg = Release|Any CPU
		{752CB5EB-B0E0-4672-80D2-1555DABF053A}.RTXDebug|Any CPU.ActiveCfg = RTXDebug|Any CPU
		{752CB5EB-B0E0-4672-80D2-1555DABF053A}.RTXDebug|Any CPU.Build.0 = RTXDebug|Any CPU
		{752CB5EB-B0E0-4672-80D2-1555DABF053A}.RTXDebug|Mixed Platforms.ActiveCfg = RTXDebug|Any CPU
		{752CB5EB-B0E0-4672-80D2-1555DABF053A}.RTXDebug|Mixed Platforms.Build.0 = RTXDebug|Any CPU
		{752CB5EB-B0E0-4672-80D2-1555DABF053A}.RTXDebug|Win32.ActiveCfg = RTXDebug|Any CPU
		{752CB5EB-B0E0-4672-80D2-1555DABF053A}.RTXRelease|Any CPU.ActiveCfg = RTXRelease|Any CPU
		{752CB5EB-B0E0-4672-80D2-1555DABF053A}.RTXRelease|Any CPU.Build.0 = RTXRelease|Any CPU
		{752CB5EB-B0E0-4672-80D2-1555DABF053A}.RTXRelease|Mixed Platforms.ActiveCfg = RTXRelease|Any CPU
		{752CB5EB-B0E0-4672-80D2-1555DABF053A}.RTXRelease|Mixed Platforms.Build.0 = RTXRelease|Any CPU
		{752CB5EB-B0E0-4672-80D2-1555DABF053A}.RTXRelease|Win32.ActiveCfg = RTXRelease|Any CPU
		{15920C2E-E431-4280-BD15-2E9C731DCBA4}.Debug_2_12|Any CPU.ActiveCfg = Debug_2_12|Any CPU
		{15920C2E-E431-4280-BD15-2E9C731DCBA4}.Debug_2_12|Any CPU.Build.0 = Debug_2_12|Any CPU
		{15920C2E-E431-4280-BD15-2E9C731DCBA4}.Debug_2_12|Mixed Platforms.ActiveCfg = Debug_2_12|Any CPU
		{15920C2E-E431-4280-BD15-2E9C731DCBA4}.Debug_2_12|Mixed Platforms.Build.0 = Debug_2_12|Any CPU
		{15920C2E-E431-4280-BD15-2E9C731DCBA4}.Debug_2_12|Win32.ActiveCfg = Debug_2_12|Any CPU
		{15920C2E-E431-4280-BD15-2E9C731DCBA4}.Debug_2_12|Win32.Build.0 = Debug_2_12|Any CPU
		{15920C2E-E431-4280-BD15-2E9C731DCBA4}.Debug|Any CPU.ActiveCfg = Debug|Any CPU
		{15920C2E-E431-4280-BD15-2E9C731DCBA4}.Debug|Any CPU.Build.0 = Debug|Any CPU
		{15920C2E-E431-4280-BD15-2E9C731DCBA4}.Debug|Mixed Platforms.ActiveCfg = Debug|Any CPU
		{15920C2E-E431-4280-BD15-2E9C731DCBA4}.Debug|Mixed Platforms.Build.0 = Debug|Any CPU
		{15920C2E-E431-4280-BD15-2E9C731DCBA4}.Debug|Win32.ActiveCfg = Debug|Any CPU
		{15920C2E-E431-4280-BD15-2E9C731DCBA4}.Labtop|Any CPU.ActiveCfg = Labtop|Any CPU
		{15920C2E-E431-4280-BD15-2E9C731DCBA4}.Labtop|Any CPU.Build.0 = Labtop|Any CPU
		{15920C2E-E431-4280-BD15-2E9C731DCBA4}.Labtop|Mixed Platforms.ActiveCfg = Labtop|Any CPU
		{15920C2E-E431-4280-BD15-2E9C731DCBA4}.Labtop|Mixed Platforms.Build.0 = Labtop|Any CPU
		{15920C2E-E431-4280-BD15-2E9C731DCBA4}.Labtop|Win32.ActiveCfg = Labtop|Any CPU
		{15920C2E-E431-4280-BD15-2E9C731DCBA4}.Release_2_12|Any CPU.ActiveCfg = Release_2_12|Any CPU
		{15920C2E-E431-4280-BD15-2E9C731DCBA4}.Release_2_12|Any CPU.Build.0 = Release_2_12|Any CPU
		{15920C2E-E431-4280-BD15-2E9C731DCBA4}.Release_2_12|Mixed Platforms.ActiveCfg = Release_2_12|Any CPU
		{15920C2E-E431-4280-BD15-2E9C731DCBA4}.Release_2_12|Mixed Platforms.Build.0 = Release_2_12|Any CPU
		{15920C2E-E431-4280-BD15-2E9C731DCBA4}.Release_2_12|Win32.ActiveCfg = Release_2_12|Any CPU
		{15920C2E-E431-4280-BD15-2E9C731DCBA4}.Release_2_12|Win32.Build.0 = Release_2_12|Any CPU
		{15920C2E-E431-4280-BD15-2E9C731DCBA4}.Release|Any CPU.ActiveCfg = Release|Any CPU
		{15920C2E-E431-4280-BD15-2E9C731DCBA4}.Release|Any CPU.Build.0 = Release|Any CPU
		{15920C2E-E431-4280-BD15-2E9C731DCBA4}.Release|Mixed Platforms.ActiveCfg = Release|Any CPU
		{15920C2E-E431-4280-BD15-2E9C731DCBA4}.Release|Mixed Platforms.Build.0 = Release|Any CPU
		{15920C2E-E431-4280-BD15-2E9C731DCBA4}.Release|Win32.ActiveCfg = Release|Any CPU
		{15920C2E-E431-4280-BD15-2E9C731DCBA4}.RTXDebug|Any CPU.ActiveCfg = RTXDebug|Any CPU
		{15920C2E-E431-4280-BD15-2E9C731DCBA4}.RTXDebug|Any CPU.Build.0 = RTXDebug|Any CPU
		{15920C2E-E431-4280-BD15-2E9C731DCBA4}.RTXDebug|Mixed Platforms.ActiveCfg = RTXDebug|Any CPU
		{15920C2E-E431-4280-BD15-2E9C731DCBA4}.RTXDebug|Mixed Platforms.Build.0 = RTXDebug|Any CPU
		{15920C2E-E431-4280-BD15-2E9C731DCBA4}.RTXDebug|Win32.ActiveCfg = RTXDebug|Any CPU
		{15920C2E-E431-4280-BD15-2E9C731DCBA4}.RTXRelease|Any CPU.ActiveCfg = RTXRelease|Any CPU
		{15920C2E-E431-4280-BD15-2E9C731DCBA4}.RTXRelease|Any CPU.Build.0 = RTXRelease|Any CPU
		{15920C2E-E431-4280-BD15-2E9C731DCBA4}.RTXRelease|Mixed Platforms.ActiveCfg = RTXRelease|Any CPU
		{15920C2E-E431-4280-BD15-2E9C731DCBA4}.RTXRelease|Mixed Platforms.Build.0 = RTXRelease|Any CPU
		{15920C2E-E431-4280-BD15-2E9C731DCBA4}.RTXRelease|Win32.ActiveCfg = RTXRelease|Any CPU
		{1965C872-300A-4464-ADBD-B252238FA826}.Debug_2_12|Any CPU.ActiveCfg = Debug_2_12|Any CPU
		{1965C872-300A-4464-ADBD-B252238FA826}.Debug_2_12|Any CPU.Build.0 = Debug_2_12|Any CPU
		{1965C872-300A-4464-ADBD-B252238FA826}.Debug_2_12|Mixed Platforms.ActiveCfg = Debug_2_12|Any CPU
		{1965C872-300A-4464-ADBD-B252238FA826}.Debug_2_12|Mixed Platforms.Build.0 = Debug_2_12|Any CPU
		{1965C872-300A-4464-ADBD-B252238FA826}.Debug_2_12|Win32.ActiveCfg = Debug_2_12|Any CPU
		{1965C872-300A-4464-ADBD-B252238FA826}.Debug_2_12|Win32.Build.0 = Debug_2_12|Any CPU
		{1965C872-300A-4464-ADBD-B252238FA826}.Debug|Any CPU.ActiveCfg = Debug|Any CPU
		{1965C872-300A-4464-ADBD-B252238FA826}.Debug|Any CPU.Build.0 = Debug|Any CPU
		{1965C872-300A-4464-ADBD-B252238FA826}.Debug|Mixed Platforms.ActiveCfg = Debug|Any CPU
		{1965C872-300A-4464-ADBD-B252238FA826}.Debug|Mixed Platforms.Build.0 = Debug|Any CPU
		{1965C872-300A-4464-ADBD-B252238FA826}.Debug|Win32.ActiveCfg = Debug|Any CPU
		{1965C872-300A-4464-ADBD-B252238FA826}.Labtop|Any CPU.ActiveCfg = Labtop|Any CPU
		{1965C872-300A-4464-ADBD-B252238FA826}.Labtop|Any CPU.Build.0 = Labtop|Any CPU
		{1965C872-300A-4464-ADBD-B252238FA826}.Labtop|Mixed Platforms.ActiveCfg = Labtop|Any CPU
		{1965C872-300A-4464-ADBD-B252238FA826}.Labtop|Mixed Platforms.Build.0 = Labtop|Any CPU
		{1965C872-300A-4464-ADBD-B252238FA826}.Labtop|Win32.ActiveCfg = Labtop|Any CPU
		{1965C872-300A-4464-ADBD-B252238FA826}.Release_2_12|Any CPU.ActiveCfg = Release_2_12|Any CPU
		{1965C872-300A-4464-ADBD-B252238FA826}.Release_2_12|Any CPU.Build.0 = Release_2_12|Any CPU
		{1965C872-300A-4464-ADBD-B252238FA826}.Release_2_12|Mixed Platforms.ActiveCfg = Release_2_12|Any CPU
		{1965C872-300A-4464-ADBD-B252238FA826}.Release_2_12|Mixed Platforms.Build.0 = Release_2_12|Any CPU
		{1965C872-300A-4464-ADBD-B252238FA826}.Release_2_12|Win32.ActiveCfg = Release_2_12|Any CPU
		{1965C872-300A-4464-ADBD-B252238FA826}.Release_2_12|Win32.Build.0 = Release_2_12|Any CPU
		{1965C872-300A-4464-ADBD-B252238FA826}.Release|Any CPU.ActiveCfg = Release|Any CPU
		{1965C872-300A-4464-ADBD-B252238FA826}.Release|Any CPU.Build.0 = Release|Any CPU
		{1965C872-300A-4464-ADBD-B252238FA826}.Release|Mixed Platforms.ActiveCfg = Release|Any CPU
		{1965C872-300A-4464-ADBD-B252238FA826}.Release|Mixed Platforms.Build.0 = Release|Any CPU
		{1965C872-300A-4464-ADBD-B252238FA826}.Release|Win32.ActiveCfg = Release|Any CPU
		{1965C872-300A-4464-ADBD-B252238FA826}.RTXDebug|Any CPU.ActiveCfg = RTXDebug|Any CPU
		{1965C872-300A-4464-ADBD-B252238FA826}.RTXDebug|Any CPU.Build.0 = RTXDebug|Any CPU
		{1965C872-300A-4464-ADBD-B252238FA826}.RTXDebug|Mixed Platforms.ActiveCfg = RTXDebug|Any CPU
		{1965C872-300A-4464-ADBD-B252238FA826}.RTXDebug|Mixed Platforms.Build.0 = RTXDebug|Any CPU
		{1965C872-300A-4464-ADBD-B252238FA826}.RTXDebug|Win32.ActiveCfg = RTXDebug|Any CPU
		{1965C872-300A-4464-ADBD-B252238FA826}.RTXRelease|Any CPU.ActiveCfg = RTXRelease|Any CPU
		{1965C872-300A-4464-ADBD-B252238FA826}.RTXRelease|Any CPU.Build.0 = RTXRelease|Any CPU
		{1965C872-300A-4464-ADBD-B252238FA826}.RTXRelease|Mixed Platforms.ActiveCfg = RTXRelease|Any CPU
		{1965C872-300A-4464-ADBD-B252238FA826}.RTXRelease|Mixed Platforms.Build.0 = RTXRelease|Any CPU
		{1965C872-300A-4464-ADBD-B252238FA826}.RTXRelease|Win32.ActiveCfg = RTXRelease|Any CPU
		{D9D4F292-BD2C-45EC-8946-61264B971FC0}.Debug_2_12|Any CPU.ActiveCfg = Debug_2_12|Any CPU
		{D9D4F292-BD2C-45EC-8946-61264B971FC0}.Debug_2_12|Any CPU.Build.0 = Debug_2_12|Any CPU
		{D9D4F292-BD2C-45EC-8946-61264B971FC0}.Debug_2_12|Mixed Platforms.ActiveCfg = Debug_2_12|Any CPU
		{D9D4F292-BD2C-45EC-8946-61264B971FC0}.Debug_2_12|Mixed Platforms.Build.0 = Debug_2_12|Any CPU
		{D9D4F292-BD2C-45EC-8946-61264B971FC0}.Debug_2_12|Win32.ActiveCfg = Debug_2_12|Any CPU
		{D9D4F292-BD2C-45EC-8946-61264B971FC0}.Debug_2_12|Win32.Build.0 = Debug_2_12|Any CPU
		{D9D4F292-BD2C-45EC-8946-61264B971FC0}.Debug|Any CPU.ActiveCfg = Debug|Any CPU
		{D9D4F292-BD2C-45EC-8946-61264B971FC0}.Debug|Any CPU.Build.0 = Debug|Any CPU
		{D9D4F292-BD2C-45EC-8946-61264B971FC0}.Debug|Mixed Platforms.ActiveCfg = Debug|Any CPU
		{D9D4F292-BD2C-45EC-8946-61264B971FC0}.Debug|Mixed Platforms.Build.0 = Debug|Any CPU
		{D9D4F292-BD2C-45EC-8946-61264B971FC0}.Debug|Win32.ActiveCfg = Debug|Any CPU
		{D9D4F292-BD2C-45EC-8946-61264B971FC0}.Labtop|Any CPU.ActiveCfg = Labtop|Any CPU
		{D9D4F292-BD2C-45EC-8946-61264B971FC0}.Labtop|Any CPU.Build.0 = Labtop|Any CPU
		{D9D4F292-BD2C-45EC-8946-61264B971FC0}.Labtop|Mixed Platforms.ActiveCfg = Labtop|Any CPU
		{D9D4F292-BD2C-45EC-8946-61264B971FC0}.Labtop|Mixed Platforms.Build.0 = Labtop|Any CPU
		{D9D4F292-BD2C-45EC-8946-61264B971FC0}.Labtop|Win32.ActiveCfg = Labtop|Any CPU
		{D9D4F292-BD2C-45EC-8946-61264B971FC0}.Release_2_12|Any CPU.ActiveCfg = Release_2_12|Any CPU
		{D9D4F292-BD2C-45EC-8946-61264B971FC0}.Release_2_12|Any CPU.Build.0 = Release_2_12|Any CPU
		{D9D4F292-BD2C-45EC-8946-61264B971FC0}.Release_2_12|Mixed Platforms.ActiveCfg = Release_2_12|Any CPU
		{D9D4F292-BD2C-45EC-8946-61264B971FC0}.Release_2_12|Mixed Platforms.Build.0 = Release_2_12|Any CPU
		{D9D4F292-BD2C-45EC-8946-61264B971FC0}.Release_2_12|Win32.ActiveCfg = Release_2_12|Any CPU
		{D9D4F292-BD2C-45EC-8946-61264B971FC0}.Release_2_12|Win32.Build.0 = Release_2_12|Any CPU
		{D9D4F292-BD2C-45EC-8946-61264B971FC0}.Release|Any CPU.ActiveCfg = Release|Any CPU
		{D9D4F292-BD2C-45EC-8946-61264B971FC0}.Release|Any CPU.Build.0 = Release|Any CPU
		{D9D4F292-BD2C-45EC-8946-61264B971FC0}.Release|Mixed Platforms.ActiveCfg = Release|Any CPU
		{D9D4F292-BD2C-45EC-8946-61264B971FC0}.Release|Mixed Platforms.Build.0 = Release|Any CPU
		{D9D4F292-BD2C-45EC-8946-61264B971FC0}.Release|Win32.ActiveCfg = Release|Any CPU
		{D9D4F292-BD2C-45EC-8946-61264B971FC0}.RTXDebug|Any CPU.ActiveCfg = RTXDebug|Any CPU
		{D9D4F292-BD2C-45EC-8946-61264B971FC0}.RTXDebug|Any CPU.Build.0 = RTXDebug|Any CPU
		{D9D4F292-BD2C-45EC-8946-61264B971FC0}.RTXDebug|Mixed Platforms.ActiveCfg = RTXDebug|Any CPU
		{D9D4F292-BD2C-45EC-8946-61264B971FC0}.RTXDebug|Mixed Platforms.Build.0 = RTXDebug|Any CPU
		{D9D4F292-BD2C-45EC-8946-61264B971FC0}.RTXDebug|Win32.ActiveCfg = RTXDebug|Any CPU
		{D9D4F292-BD2C-45EC-8946-61264B971FC0}.RTXRelease|Any CPU.ActiveCfg = RTXRelease|Any CPU
		{D9D4F292-BD2C-45EC-8946-61264B971FC0}.RTXRelease|Any CPU.Build.0 = RTXRelease|Any CPU
		{D9D4F292-BD2C-45EC-8946-61264B971FC0}.RTXRelease|Mixed Platforms.ActiveCfg = RTXRelease|Any CPU
		{D9D4F292-BD2C-45EC-8946-61264B971FC0}.RTXRelease|Mixed Platforms.Build.0 = RTXRelease|Any CPU
		{D9D4F292-BD2C-45EC-8946-61264B971FC0}.RTXRelease|Win32.ActiveCfg = RTXRelease|Any CPU
		{4E9BFC89-0324-47D2-9847-37918EC547E2}.Debug_2_12|Any CPU.ActiveCfg = Debug_2_12|Any CPU
		{4E9BFC89-0324-47D2-9847-37918EC547E2}.Debug_2_12|Any CPU.Build.0 = Debug_2_12|Any CPU
		{4E9BFC89-0324-47D2-9847-37918EC547E2}.Debug_2_12|Mixed Platforms.ActiveCfg = Debug_2_12|Any CPU
		{4E9BFC89-0324-47D2-9847-37918EC547E2}.Debug_2_12|Mixed Platforms.Build.0 = Debug_2_12|Any CPU
		{4E9BFC89-0324-47D2-9847-37918EC547E2}.Debug_2_12|Win32.ActiveCfg = Debug_2_12|Any CPU
		{4E9BFC89-0324-47D2-9847-37918EC547E2}.Debug_2_12|Win32.Build.0 = Debug_2_12|Any CPU
		{4E9BFC89-0324-47D2-9847-37918EC547E2}.Debug|Any CPU.ActiveCfg = Debug|Any CPU
		{4E9BFC89-0324-47D2-9847-37918EC547E2}.Debug|Any CPU.Build.0 = Debug|Any CPU
		{4E9BFC89-0324-47D2-9847-37918EC547E2}.Debug|Mixed Platforms.ActiveCfg = Debug|Any CPU
		{4E9BFC89-0324-47D2-9847-37918EC547E2}.Debug|Mixed Platforms.Build.0 = Debug|Any CPU
		{4E9BFC89-0324-47D2-9847-37918EC547E2}.Debug|Win32.ActiveCfg = Debug|Any CPU
		{4E9BFC89-0324-47D2-9847-37918EC547E2}.Labtop|Any CPU.ActiveCfg = Labtop|Any CPU
		{4E9BFC89-0324-47D2-9847-37918EC547E2}.Labtop|Any CPU.Build.0 = Labtop|Any CPU
		{4E9BFC89-0324-47D2-9847-37918EC547E2}.Labtop|Mixed Platforms.ActiveCfg = Labtop|Any CPU
		{4E9BFC89-0324-47D2-9847-37918EC547E2}.Labtop|Mixed Platforms.Build.0 = Labtop|Any CPU
		{4E9BFC89-0324-47D2-9847-37918EC547E2}.Labtop|Win32.ActiveCfg = Labtop|Any CPU
		{4E9BFC89-0324-47D2-9847-37918EC547E2}.Release_2_12|Any CPU.ActiveCfg = Release_2_12|Any CPU
		{4E9BFC89-0324-47D2-9847-37918EC547E2}.Release_2_12|Any CPU.Build.0 = Release_2_12|Any CPU
		{4E9BFC89-0324-47D2-9847-37918EC547E2}.Release_2_12|Mixed Platforms.ActiveCfg = Release_2_12|Any CPU
		{4E9BFC89-0324-47D2-9847-37918EC547E2}.Release_2_12|Mixed Platforms.Build.0 = Release_2_12|Any CPU
		{4E9BFC89-0324-47D2-9847-37918EC547E2}.Release_2_12|Win32.ActiveCfg = Release_2_12|Any CPU
		{4E9BFC89-0324-47D2-9847-37918EC547E2}.Release_2_12|Win32.Build.0 = Release_2_12|Any CPU
		{4E9BFC89-0324-47D2-9847-37918EC547E2}.Release|Any CPU.ActiveCfg = Release|Any CPU
		{4E9BFC89-0324-47D2-9847-37918EC547E2}.Release|Any CPU.Build.0 = Release|Any CPU
		{4E9BFC89-0324-47D2-9847-37918EC547E2}.Release|Mixed Platforms.ActiveCfg = Release|Any CPU
		{4E9BFC89-0324-47D2-9847-37918EC547E2}.Release|Mixed Platforms.Build.0 = Release|Any CPU
		{4E9BFC89-0324-47D2-9847-37918EC547E2}.Release|Win32.ActiveCfg = Release|Any CPU
		{4E9BFC89-0324-47D2-9847-37918EC547E2}.RTXDebug|Any CPU.ActiveCfg = RTXDebug|Any CPU
		{4E9BFC89-0324-47D2-9847-37918EC547E2}.RTXDebug|Any CPU.Build.0 = RTXDebug|Any CPU
		{4E9BFC89-0324-47D2-9847-37918EC547E2}.RTXDebug|Mixed Platforms.ActiveCfg = RTXDebug|Any CPU
		{4E9BFC89-0324-47D2-9847-37918EC547E2}.RTXDebug|Mixed Platforms.Build.0 = RTXDebug|Any CPU
		{4E9BFC89-0324-47D2-9847-37918EC547E2}.RTXDebug|Win32.ActiveCfg = RTXDebug|Any CPU
		{4E9BFC89-0324-47D2-9847-37918EC547E2}.RTXRelease|Any CPU.ActiveCfg = RTXRelease|Any CPU
		{4E9BFC89-0324-47D2-9847-37918EC547E2}.RTXRelease|Any CPU.Build.0 = RTXRelease|Any CPU
		{4E9BFC89-0324-47D2-9847-37918EC547E2}.RTXRelease|Mixed Platforms.ActiveCfg = RTXRelease|Any CPU
		{4E9BFC89-0324-47D2-9847-37918EC547E2}.RTXRelease|Mixed Platforms.Build.0 = RTXRelease|Any CPU
		{4E9BFC89-0324-47D2-9847-37918EC547E2}.RTXRelease|Win32.ActiveCfg = RTXRelease|Any CPU
		{FA133C3E-3B7C-4DED-997B-5D9B56E8C767}.Debug_2_12|Any CPU.ActiveCfg = Debug_2_12|Any CPU
		{FA133C3E-3B7C-4DED-997B-5D9B56E8C767}.Debug_2_12|Any CPU.Build.0 = Debug_2_12|Any CPU
		{FA133C3E-3B7C-4DED-997B-5D9B56E8C767}.Debug_2_12|Mixed Platforms.ActiveCfg = Debug_2_12|Any CPU
		{FA133C3E-3B7C-4DED-997B-5D9B56E8C767}.Debug_2_12|Mixed Platforms.Build.0 = Debug_2_12|Any CPU
		{FA133C3E-3B7C-4DED-997B-5D9B56E8C767}.Debug_2_12|Win32.ActiveCfg = Debug_2_12|Any CPU
		{FA133C3E-3B7C-4DED-997B-5D9B56E8C767}.Debug_2_12|Win32.Build.0 = Debug_2_12|Any CPU
		{FA133C3E-3B7C-4DED-997B-5D9B56E8C767}.Debug|Any CPU.ActiveCfg = Debug|Any CPU
		{FA133C3E-3B7C-4DED-997B-5D9B56E8C767}.Debug|Any CPU.Build.0 = Debug|Any CPU
		{FA133C3E-3B7C-4DED-997B-5D9B56E8C767}.Debug|Mixed Platforms.ActiveCfg = Debug|Any CPU
		{FA133C3E-3B7C-4DED-997B-5D9B56E8C767}.Debug|Mixed Platforms.Build.0 = Debug|Any CPU
		{FA133C3E-3B7C-4DED-997B-5D9B56E8C767}.Debug|Win32.ActiveCfg = Debug|Any CPU
		{FA133C3E-3B7C-4DED-997B-5D9B56E8C767}.Labtop|Any CPU.ActiveCfg = Labtop|Any CPU
		{FA133C3E-3B7C-4DED-997B-5D9B56E8C767}.Labtop|Any CPU.Build.0 = Labtop|Any CPU
		{FA133C3E-3B7C-4DED-997B-5D9B56E8C767}.Labtop|Mixed Platforms.ActiveCfg = Labtop|Any CPU
		{FA133C3E-3B7C-4DED-997B-5D9B56E8C767}.Labtop|Mixed Platforms.Build.0 = Labtop|Any CPU
		{FA133C3E-3B7C-4DED-997B-5D9B56E8C767}.Labtop|Win32.ActiveCfg = Labtop|Any CPU
		{FA133C3E-3B7C-4DED-997B-5D9B56E8C767}.Release_2_12|Any CPU.ActiveCfg = Release_2_12|Any CPU
		{FA133C3E-3B7C-4DED-997B-5D9B56E8C767}.Release_2_12|Any CPU.Build.0 = Release_2_12|Any CPU
		{FA133C3E-3B7C-4DED-997B-5D9B56E8C767}.Release_2_12|Mixed Platforms.ActiveCfg = Release_2_12|Any CPU
		{FA133C3E-3B7C-4DED-997B-5D9B56E8C767}.Release_2_12|Mixed Platforms.Build.0 = Release_2_12|Any CPU
		{FA133C3E-3B7C-4DED-997B-5D9B56E8C767}.Release_2_12|Win32.ActiveCfg = Release_2_12|Any CPU
		{FA133C3E-3B7C-4DED-997B-5D9B56E8C767}.Release_2_12|Win32.Build.0 = Release_2_12|Any CPU
		{FA133C3E-3B7C-4DED-997B-5D9B56E8C767}.Release|Any CPU.ActiveCfg = Release|Any CPU
		{FA133C3E-3B7C-4DED-997B-5D9B56E8C767}.Release|Any CPU.Build.0 = Release|Any CPU
		{FA133C3E-3B7C-4DED-997B-5D9B56E8C767}.Release|Mixed Platforms.ActiveCfg = Release|Any CPU
		{FA133C3E-3B7C-4DED-997B-5D9B56E8C767}.Release|Mixed Platforms.Build.0 = Release|Any CPU
		{FA133C3E-3B7C-4DED-997B-5D9B56E8C767}.Release|Win32.ActiveCfg = Release|Any CPU
		{FA133C3E-3B7C-4DED-997B-5D9B56E8C767}.RTXDebug|Any CPU.ActiveCfg = RTXDebug|Any CPU
		{FA133C3E-3B7C-4DED-997B-5D9B56E8C767}.RTXDebug|Any CPU.Build.0 = RTXDebug|Any CPU
		{FA133C3E-3B7C-4DED-997B-5D9B56E8C767}.RTXDebug|Mixed Platforms.ActiveCfg = RTXDebug|Any CPU
		{FA133C3E-3B7C-4DED-997B-5D9B56E8C767}.RTXDebug|Mixed Platforms.Build.0 = RTXDebug|Any CPU
		{FA133C3E-3B7C-4DED-997B-5D9B56E8C767}.RTXDebug|Win32.ActiveCfg = RTXDebug|Any CPU
		{FA133C3E-3B7C-4DED-997B-5D9B56E8C767}.RTXRelease|Any CPU.ActiveCfg = RTXRelease|Any CPU
		{FA133C3E-3B7C-4DED-997B-5D9B56E8C767}.RTXRelease|Any CPU.Build.0 = RTXRelease|Any CPU
		{FA133C3E-3B7C-4DED-997B-5D9B56E8C767}.RTXRelease|Mixed Platforms.ActiveCfg = RTXRelease|Any CPU
		{FA133C3E-3B7C-4DED-997B-5D9B56E8C767}.RTXRelease|Mixed Platforms.Build.0 = RTXRelease|Any CPU
		{FA133C3E-3B7C-4DED-997B-5D9B56E8C767}.RTXRelease|Win32.ActiveCfg = RTXRelease|Any CPU
		{74D942FD-62F1-443A-9CC8-2A91D66D18CB}.Debug_2_12|Any CPU.ActiveCfg = Debug_2_12|Any CPU
		{74D942FD-62F1-443A-9CC8-2A91D66D18CB}.Debug_2_12|Any CPU.Build.0 = Debug_2_12|Any CPU
		{74D942FD-62F1-443A-9CC8-2A91D66D18CB}.Debug_2_12|Mixed Platforms.ActiveCfg = Debug_2_12|Any CPU
		{74D942FD-62F1-443A-9CC8-2A91D66D18CB}.Debug_2_12|Mixed Platforms.Build.0 = Debug_2_12|Any CPU
		{74D942FD-62F1-443A-9CC8-2A91D66D18CB}.Debug_2_12|Win32.ActiveCfg = Debug_2_12|Any CPU
		{74D942FD-62F1-443A-9CC8-2A91D66D18CB}.Debug_2_12|Win32.Build.0 = Debug_2_12|Any CPU
		{74D942FD-62F1-443A-9CC8-2A91D66D18CB}.Debug|Any CPU.ActiveCfg = Debug|Any CPU
		{74D942FD-62F1-443A-9CC8-2A91D66D18CB}.Debug|Any CPU.Build.0 = Debug|Any CPU
		{74D942FD-62F1-443A-9CC8-2A91D66D18CB}.Debug|Mixed Platforms.ActiveCfg = Debug|Any CPU
		{74D942FD-62F1-443A-9CC8-2A91D66D18CB}.Debug|Mixed Platforms.Build.0 = Debug|Any CPU
		{74D942FD-62F1-443A-9CC8-2A91D66D18CB}.Debug|Win32.ActiveCfg = Debug|Any CPU
		{74D942FD-62F1-443A-9CC8-2A91D66D18CB}.Labtop|Any CPU.ActiveCfg = RTXRelease|Any CPU
		{74D942FD-62F1-443A-9CC8-2A91D66D18CB}.Labtop|Any CPU.Build.0 = RTXRelease|Any CPU
		{74D942FD-62F1-443A-9CC8-2A91D66D18CB}.Labtop|Mixed Platforms.ActiveCfg = RTXRelease|Any CPU
		{74D942FD-62F1-443A-9CC8-2A91D66D18CB}.Labtop|Mixed Platforms.Build.0 = RTXRelease|Any CPU
		{74D942FD-62F1-443A-9CC8-2A91D66D18CB}.Labtop|Win32.ActiveCfg = RTXRelease|Any CPU
		{74D942FD-62F1-443A-9CC8-2A91D66D18CB}.Release_2_12|Any CPU.ActiveCfg = Release_2_12|Any CPU
		{74D942FD-62F1-443A-9CC8-2A91D66D18CB}.Release_2_12|Any CPU.Build.0 = Release_2_12|Any CPU
		{74D942FD-62F1-443A-9CC8-2A91D66D18CB}.Release_2_12|Mixed Platforms.ActiveCfg = Release_2_12|Any CPU
		{74D942FD-62F1-443A-9CC8-2A91D66D18CB}.Release_2_12|Mixed Platforms.Build.0 = Release_2_12|Any CPU
		{74D942FD-62F1-443A-9CC8-2A91D66D18CB}.Release_2_12|Win32.ActiveCfg = Release_2_12|Any CPU
		{74D942FD-62F1-443A-9CC8-2A91D66D18CB}.Release_2_12|Win32.Build.0 = Release_2_12|Any CPU
		{74D942FD-62F1-443A-9CC8-2A91D66D18CB}.Release|Any CPU.ActiveCfg = Release|Any CPU
		{74D942FD-62F1-443A-9CC8-2A91D66D18CB}.Release|Any CPU.Build.0 = Release|Any CPU
		{74D942FD-62F1-443A-9CC8-2A91D66D18CB}.Release|Mixed Platforms.ActiveCfg = Release|Any CPU
		{74D942FD-62F1-443A-9CC8-2A91D66D18CB}.Release|Mixed Platforms.Build.0 = Release|Any CPU
		{74D942FD-62F1-443A-9CC8-2A91D66D18CB}.Release|Win32.ActiveCfg = Release|Any CPU
		{74D942FD-62F1-443A-9CC8-2A91D66D18CB}.RTXDebug|Any CPU.ActiveCfg = RTXDebug|Any CPU
		{74D942FD-62F1-443A-9CC8-2A91D66D18CB}.RTXDebug|Any CPU.Build.0 = RTXDebug|Any CPU
		{74D942FD-62F1-443A-9CC8-2A91D66D18CB}.RTXDebug|Mixed Platforms.ActiveCfg = RTXDebug|Any CPU
		{74D942FD-62F1-443A-9CC8-2A91D66D18CB}.RTXDebug|Mixed Platforms.Build.0 = RTXDebug|Any CPU
		{74D942FD-62F1-443A-9CC8-2A91D66D18CB}.RTXDebug|Win32.ActiveCfg = RTXDebug|Any CPU
		{74D942FD-62F1-443A-9CC8-2A91D66D18CB}.RTXRelease|Any CPU.ActiveCfg = RTXRelease|Any CPU
		{74D942FD-62F1-443A-9CC8-2A91D66D18CB}.RTXRelease|Any CPU.Build.0 = RTXRelease|Any CPU
		{74D942FD-62F1-443A-9CC8-2A91D66D18CB}.RTXRelease|Mixed Platforms.ActiveCfg = RTXRelease|Any CPU
		{74D942FD-62F1-443A-9CC8-2A91D66D18CB}.RTXRelease|Mixed Platforms.Build.0 = RTXRelease|Any CPU
		{74D942FD-62F1-443A-9CC8-2A91D66D18CB}.RTXRelease|Win32.ActiveCfg = RTXRelease|Any CPU
		{537E3E35-3C93-4247-B340-7AF1AB7E89E3}.Debug_2_12|Any CPU.ActiveCfg = Debug_2_12|Any CPU
		{537E3E35-3C93-4247-B340-7AF1AB7E89E3}.Debug_2_12|Any CPU.Build.0 = Debug_2_12|Any CPU
		{537E3E35-3C93-4247-B340-7AF1AB7E89E3}.Debug_2_12|Mixed Platforms.ActiveCfg = Debug_2_12|Any CPU
		{537E3E35-3C93-4247-B340-7AF1AB7E89E3}.Debug_2_12|Mixed Platforms.Build.0 = Debug_2_12|Any CPU
		{537E3E35-3C93-4247-B340-7AF1AB7E89E3}.Debug_2_12|Win32.ActiveCfg = Debug_2_12|Any CPU
		{537E3E35-3C93-4247-B340-7AF1AB7E89E3}.Debug_2_12|Win32.Build.0 = Debug_2_12|Any CPU
		{537E3E35-3C93-4247-B340-7AF1AB7E89E3}.Debug|Any CPU.ActiveCfg = Debug|Any CPU
		{537E3E35-3C93-4247-B340-7AF1AB7E89E3}.Debug|Any CPU.Build.0 = Debug|Any CPU
		{537E3E35-3C93-4247-B340-7AF1AB7E89E3}.Debug|Mixed Platforms.ActiveCfg = Debug|Any CPU
		{537E3E35-3C93-4247-B340-7AF1AB7E89E3}.Debug|Mixed Platforms.Build.0 = Debug|Any CPU
		{537E3E35-3C93-4247-B340-7AF1AB7E89E3}.Debug|Win32.ActiveCfg = Debug|Any CPU
		{537E3E35-3C93-4247-B340-7AF1AB7E89E3}.Labtop|Any CPU.ActiveCfg = Labtop|Any CPU
		{537E3E35-3C93-4247-B340-7AF1AB7E89E3}.Labtop|Any CPU.Build.0 = Labtop|Any CPU
		{537E3E35-3C93-4247-B340-7AF1AB7E89E3}.Labtop|Mixed Platforms.ActiveCfg = Labtop|Any CPU
		{537E3E35-3C93-4247-B340-7AF1AB7E89E3}.Labtop|Mixed Platforms.Build.0 = Labtop|Any CPU
		{537E3E35-3C93-4247-B340-7AF1AB7E89E3}.Labtop|Win32.ActiveCfg = Labtop|Any CPU
		{537E3E35-3C93-4247-B340-7AF1AB7E89E3}.Release_2_12|Any CPU.ActiveCfg = Release_2_12|Any CPU
		{537E3E35-3C93-4247-B340-7AF1AB7E89E3}.Release_2_12|Any CPU.Build.0 = Release_2_12|Any CPU
		{537E3E35-3C93-4247-B340-7AF1AB7E89E3}.Release_2_12|Mixed Platforms.ActiveCfg = Release_2_12|Any CPU
		{537E3E35-3C93-4247-B340-7AF1AB7E89E3}.Release_2_12|Mixed Platforms.Build.0 = Release_2_12|Any CPU
		{537E3E35-3C93-4247-B340-7AF1AB7E89E3}.Release_2_12|Win32.ActiveCfg = Release_2_12|Any CPU
		{537E3E35-3C93-4247-B340-7AF1AB7E89E3}.Release_2_12|Win32.Build.0 = Release_2_12|Any CPU
		{537E3E35-3C93-4247-B340-7AF1AB7E89E3}.Release|Any CPU.ActiveCfg = Release|Any CPU
		{537E3E35-3C93-4247-B340-7AF1AB7E89E3}.Release|Any CPU.Build.0 = Release|Any CPU
		{537E3E35-3C93-4247-B340-7AF1AB7E89E3}.Release|Mixed Platforms.ActiveCfg = Release|Any CPU
		{537E3E35-3C93-4247-B340-7AF1AB7E89E3}.Release|Mixed Platforms.Build.0 = Release|Any CPU
		{537E3E35-3C93-4247-B340-7AF1AB7E89E3}.Release|Win32.ActiveCfg = Release|Any CPU
		{537E3E35-3C93-4247-B340-7AF1AB7E89E3}.RTXDebug|Any CPU.ActiveCfg = RTXDebug|Any CPU
		{537E3E35-3C93-4247-B340-7AF1AB7E89E3}.RTXDebug|Any CPU.Build.0 = RTXDebug|Any CPU
		{537E3E35-3C93-4247-B340-7AF1AB7E89E3}.RTXDebug|Mixed Platforms.ActiveCfg = RTXDebug|Any CPU
		{537E3E35-3C93-4247-B340-7AF1AB7E89E3}.RTXDebug|Mixed Platforms.Build.0 = RTXDebug|Any CPU
		{537E3E35-3C93-4247-B340-7AF1AB7E89E3}.RTXDebug|Win32.ActiveCfg = RTXDebug|Any CPU
		{537E3E35-3C93-4247-B340-7AF1AB7E89E3}.RTXRelease|Any CPU.ActiveCfg = RTXRelease|Any CPU
		{537E3E35-3C93-4247-B340-7AF1AB7E89E3}.RTXRelease|Any CPU.Build.0 = RTXRelease|Any CPU
		{537E3E35-3C93-4247-B340-7AF1AB7E89E3}.RTXRelease|Mixed Platforms.ActiveCfg = RTXRelease|Any CPU
		{537E3E35-3C93-4247-B340-7AF1AB7E89E3}.RTXRelease|Mixed Platforms.Build.0 = RTXRelease|Any CPU
		{537E3E35-3C93-4247-B340-7AF1AB7E89E3}.RTXRelease|Win32.ActiveCfg = RTXRelease|Any CPU
	EndGlobalSection
	GlobalSection(SolutionProperties) = preSolution
		HideSolutionNode = FALSE
	EndGlobalSection
EndGlobal
